{
  "name": "@useless-javascript-modules/standard-deviation",
  "version": "1.0.0",
  "lockfileVersion": 1,
  "requires": true,
  "dependencies": {
    "@useless-javascript-modules/math": {
      "version": "2.1.1",
      "resolved": "https://registry.npmjs.org/@useless-javascript-modules/math/-/math-2.1.1.tgz",
      "integrity": "sha512-mZaOjSdLvFBpVlEP0EOuH6vCWY+MP7wzcYXQ2dzCjG1PS5c/PvTIlIrdHcs7PNMwse6aEmh8e+5YL9xqkDLMng=="
    },
    "@useless-javascript-modules/mean": {
      "version": "1.0.0",
      "resolved": "https://registry.npmjs.org/@useless-javascript-modules/mean/-/mean-1.0.0.tgz",
      "integrity": "sha512-xUQU50puwTovXz73c7Z0vZAVhx0mf9z8te7aquNQ0rD1iiKoXBqgAKLuH47reoPByZSiimlLFCxLbWSk0yDBjA==",
      "requires": {
        "@useless-javascript-modules/math": "^2.0.0",
        "@useless-javascript-modules/sum": "^1.0.0"
      }
    },
    "@useless-javascript-modules/sum": {
      "version": "1.0.1",
      "resolved": "https://registry.npmjs.org/@useless-javascript-modules/sum/-/sum-1.0.1.tgz",
      "integrity": "sha512-cnbSRG4f6LR++3FQ910mxrY0nhF6Y7Y8s3Kz5zPQyCJ7Qx5cIVad3CiPXEGkdO5U2jJ4j06Q+Gof1/N7i41bTg==",
      "requires": {
        "@useless-javascript-modules/math": "^1.0.0"
      },
      "dependencies": {
        "@useless-javascript-modules/math": {
          "version": "1.1.0",
          "resolved": "https://registry.npmjs.org/@useless-javascript-modules/math/-/math-1.1.0.tgz",
          "integrity": "sha512-jYys7eCiuLPKEgpCuqo0YAup2QpEwwV4UyaO3e94Qz8oTEwA8RMEltzQhbm1O0RNHGJ5fg9bfB+3u5J+V2iIAw=="
        }
      }
    }
  }
}
